
Microsoft Visual Studio Solution File, Format Version 12.00
# Visual Studio Version 17
VisualStudioVersion = 17.13.35806.99 d17.13
MinimumVisualStudioVersion = 10.0.40219.1
Project("{FAE04EC0-301F-11D3-BF4B-00C04F79EFBC}") = "KikisCakes", "KikisCakes\KikisCakes.csproj", "{8CED1EFB-2176-4122-BC46-ACDF94BAF5F9}"
EndProject
Global
	GlobalSection(SolutionConfigurationPlatforms) = preSolution
		Debug|Any CPU = Debug|Any CPU
		Release|Any CPU = Release|Any CPU
	EndGlobalSection
	GlobalSection(ProjectConfigurationPlatforms) = postSolution
		{8CED1EFB-2176-4122-BC46-ACDF94BAF5F9}.Debug|Any CPU.ActiveCfg = Debug|Any CPU
		{8CED1EFB-2176-4122-BC46-ACDF94BAF5F9}.Debug|Any CPU.Build.0 = Debug|Any CPU
		{8CED1EFB-2176-4122-BC46-ACDF94BAF5F9}.Release|Any CPU.ActiveCfg = Release|Any CPU
		{8CED1EFB-2176-4122-BC46-ACDF94BAF5F9}.Release|Any CPU.Build.0 = Release|Any CPU
	EndGlobalSection
	GlobalSection(SolutionProperties) = preSolution
		HideSolutionNode = FALSE
	EndGlobalSection
	GlobalSection(ExtensibilityGlobals) = postSolution
		SolutionGuid = {EA84A3A1-275F-4AF9-BF43-0DD94E3DC6A4}
	EndGlobalSection
EndGlobal
